
Microsoft Visual Studio Solution File, Format Version 12.00
# Visual Studio Version 17
VisualStudioVersion = 17.9.34622.214
MinimumVisualStudioVersion = 10.0.40219.1
Project("{9A19103F-16F7-4668-BE54-9A1E7A4F7556}") = "Global.Common.Azure.Models", "Global.Common.Azure.Models\Global.Common.Azure.Models.csproj", "{CB285BF4-676E-4876-9E62-21ACF252FC19}"
EndProject
Project("{9A19103F-16F7-4668-BE54-9A1E7A4F7556}") = "Global.Common.Azure.Tests", "Global.Common.Azure.Tests\Global.Common.Azure.Tests.csproj", "{D355BB9F-5E5F-431B-925B-A21625745771}"
EndProject
Project("{9A19103F-16F7-4668-BE54-9A1E7A4F7556}") = "Global.Common.Azure.TestBase", "Global.Common.Azure.TestBase\Global.Common.Azure.TestBase.csproj", "{E5DBD16E-C161-4C0C-8D52-1848F0508B96}"
EndProject
Project("{9A19103F-16F7-4668-BE54-9A1E7A4F7556}") = "Global.Common.Azure", "Global.Common.Azure\Global.Common.Azure.csproj", "{41CAFE38-A369-4971-9144-46EDC7D3FE12}"
EndProject
Global
	GlobalSection(SolutionConfigurationPlatforms) = preSolution
		Debug|Any CPU = Debug|Any CPU
		Release|Any CPU = Release|Any CPU
	EndGlobalSection
	GlobalSection(ProjectConfigurationPlatforms) = postSolution
		{CB285BF4-676E-4876-9E62-21ACF252FC19}.Debug|Any CPU.ActiveCfg = Debug|Any CPU
		{CB285BF4-676E-4876-9E62-21ACF252FC19}.Debug|Any CPU.Build.0 = Debug|Any CPU
		{CB285BF4-676E-4876-9E62-21ACF252FC19}.Release|Any CPU.ActiveCfg = Release|Any CPU
		{CB285BF4-676E-4876-9E62-21ACF252FC19}.Release|Any CPU.Build.0 = Release|Any CPU
		{D355BB9F-5E5F-431B-925B-A21625745771}.Debug|Any CPU.ActiveCfg = Debug|Any CPU
		{D355BB9F-5E5F-431B-925B-A21625745771}.Debug|Any CPU.Build.0 = Debug|Any CPU
		{D355BB9F-5E5F-431B-925B-A21625745771}.Release|Any CPU.ActiveCfg = Release|Any CPU
		{D355BB9F-5E5F-431B-925B-A21625745771}.Release|Any CPU.Build.0 = Release|Any CPU
		{E5DBD16E-C161-4C0C-8D52-1848F0508B96}.Debug|Any CPU.ActiveCfg = Debug|Any CPU
		{E5DBD16E-C161-4C0C-8D52-1848F0508B96}.Debug|Any CPU.Build.0 = Debug|Any CPU
		{E5DBD16E-C161-4C0C-8D52-1848F0508B96}.Release|Any CPU.ActiveCfg = Release|Any CPU
		{E5DBD16E-C161-4C0C-8D52-1848F0508B96}.Release|Any CPU.Build.0 = Release|Any CPU
		{41CAFE38-A369-4971-9144-46EDC7D3FE12}.Debug|Any CPU.ActiveCfg = Debug|Any CPU
		{41CAFE38-A369-4971-9144-46EDC7D3FE12}.Debug|Any CPU.Build.0 = Debug|Any CPU
		{41CAFE38-A369-4971-9144-46EDC7D3FE12}.Release|Any CPU.ActiveCfg = Release|Any CPU
		{41CAFE38-A369-4971-9144-46EDC7D3FE12}.Release|Any CPU.Build.0 = Release|Any CPU
	EndGlobalSection
	GlobalSection(SolutionProperties) = preSolution
		HideSolutionNode = FALSE
	EndGlobalSection
	GlobalSection(ExtensibilityGlobals) = postSolution
		SolutionGuid = {1613D38A-2098-439B-B700-0C13B837BC72}
	EndGlobalSection
EndGlobal
